
Microsoft Visual Studio Solution File, Format Version 12.00
# Visual Studio Version 16
VisualStudioVersion = 16.0.28922.388
MinimumVisualStudioVersion = 10.0.40219.1
Project("{FAE04EC0-301F-11D3-BF4B-00C04F79EFBC}") = "MagazineWebService", "MagazineWebService\MagazineWebService.csproj", "{3FEC2A67-C790-4BD3-A5FE-AEFE6C08BAE1}"
EndProject
Project("{FAE04EC0-301F-11D3-BF4B-00C04F79EFBC}") = "MagazineApp", "MagazineApp\MagazineApp.csproj", "{B84150AB-534C-4656-A440-B00674E7274B}"
EndProject
Global
	GlobalSection(SolutionConfigurationPlatforms) = preSolution
		Debug|Any CPU = Debug|Any CPU
		Release|Any CPU = Release|Any CPU
	EndGlobalSection
	GlobalSection(ProjectConfigurationPlatforms) = postSolution
		{3FEC2A67-C790-4BD3-A5FE-AEFE6C08BAE1}.Debug|Any CPU.ActiveCfg = Debug|Any CPU
		{3FEC2A67-C790-4BD3-A5FE-AEFE6C08BAE1}.Debug|Any CPU.Build.0 = Debug|Any CPU
		{3FEC2A67-C790-4BD3-A5FE-AEFE6C08BAE1}.Release|Any CPU.ActiveCfg = Release|Any CPU
		{3FEC2A67-C790-4BD3-A5FE-AEFE6C08BAE1}.Release|Any CPU.Build.0 = Release|Any CPU
		{B84150AB-534C-4656-A440-B00674E7274B}.Debug|Any CPU.ActiveCfg = Debug|Any CPU
		{B84150AB-534C-4656-A440-B00674E7274B}.Debug|Any CPU.Build.0 = Debug|Any CPU
		{B84150AB-534C-4656-A440-B00674E7274B}.Release|Any CPU.ActiveCfg = Release|Any CPU
		{B84150AB-534C-4656-A440-B00674E7274B}.Release|Any CPU.Build.0 = Release|Any CPU
	EndGlobalSection
	GlobalSection(SolutionProperties) = preSolution
		HideSolutionNode = FALSE
	EndGlobalSection
	GlobalSection(ExtensibilityGlobals) = postSolution
		SolutionGuid = {9D2BC000-197F-4A9C-8956-0B8A96A755B4}
	EndGlobalSection
EndGlobal
